// !$*UTF8*$!
{
	archiveVersion = 1;
	classes = {
	};
	objectVersion = 77;
	objects = {

/* Begin PBXContainerItemProxy section */
		1E8AFFC82D79036C00DD24EB /* PBXContainerItemProxy */ = {
			isa = PBXContainerItemProxy;
			containerPortal = 1E8AFFA92D79036A00DD24EB /* Project object */;
			proxyType = 1;
			remoteGlobalIDString = 1E8AFFB02D79036A00DD24EB;
			remoteInfo = Questionnaire;
		};
		1E8AFFD22D79036C00DD24EB /* PBXContainerItemProxy */ = {
			isa = PBXContainerItemProxy;
			containerPortal = 1E8AFFA92D79036A00DD24EB /* Project object */;
			proxyType = 1;
			remoteGlobalIDString = 1E8AFFB02D79036A00DD24EB;
			remoteInfo = Questionnaire;
		};
/* End PBXContainerItemProxy section */

/* Begin PBXFileReference section */
		1E8AFFB12D79036A00DD24EB /* Questionnaire.app */ = {isa = PBXFileReference; explicitFileType = wrapper.application; includeInIndex = 0; path = Questionnaire.app; sourceTree = BUILT_PRODUCTS_DIR; };
		1E8AFFC72D79036C00DD24EB /* QuestionnaireTests.xctest */ = {isa = PBXFileReference; explicitFileType = wrapper.cfbundle; includeInIndex = 0; path = QuestionnaireTests.xctest; sourceTree = BUILT_PRODUCTS_DIR; };
		1E8AFFD12D79036C00DD24EB /* QuestionnaireUITests.xctest */ = {isa = PBXFileReference; explicitFileType = wrapper.cfbundle; includeInIndex = 0; path = QuestionnaireUITests.xctest; sourceTree = BUILT_PRODUCTS_DIR; };
/* End PBXFileReference section */

/* Begin PBXFileSystemSynchronizedBuildFileExceptionSet section */
		1E8AFFD92D79036C00DD24EB /* Exceptions for "Questionnaire" folder in "Questionnaire" target */ = {
			isa = PBXFileSystemSynchronizedBuildFileExceptionSet;
			membershipExceptions = (
				Info.plist,
			);
			target = 1E8AFFB02D79036A00DD24EB /* Questionnaire */;
		};
/* End PBXFileSystemSynchronizedBuildFileExceptionSet section */

/* Begin PBXFileSystemSynchronizedRootGroup section */
		1E8AFFB32D79036A00DD24EB /* Questionnaire */ = {
			isa = PBXFileSystemSynchronizedRootGroup;
			exceptions = (
				1E8AFFD92D79036C00DD24EB /* Exceptions for "Questionnaire" folder in "Questionnaire" target */,
			);
			path = Questionnaire;
			sourceTree = "<group>";
		};
		1E8AFFCA2D79036C00DD24EB /* QuestionnaireTests */ = {
			isa = PBXFileSystemSynchronizedRootGroup;
			path = QuestionnaireTests;
			sourceTree = "<group>";
		};
		1E8AFFD42D79036C00DD24EB /* QuestionnaireUITests */ = {
			isa = PBXFileSystemSynchronizedRootGroup;
			path = QuestionnaireUITests;
			sourceTree = "<group>";
		};
/* End PBXFileSystemSynchronizedRootGroup section */

/* Begin PBXFrameworksBuildPhase section */
		1E8AFFAE2D79036A00DD24EB /* Frameworks */ = {
			isa = PBXFrameworksBuildPhase;
			buildActionMask = 2147483647;
			files = (
			);
			runOnlyForDeploymentPostprocessing = 0;
		};
		1E8AFFC42D79036C00DD24EB /* Frameworks */ = {
			isa = PBXFrameworksBuildPhase;
			buildActionMask = 2147483647;
			files = (
			);
			runOnlyForDeploymentPostprocessing = 0;
		};
		1E8AFFCE2D79036C00DD24EB /* Frameworks */ = {
			isa = PBXFrameworksBuildPhase;
			buildActionMask = 2147483647;
			files = (
			);
			runOnlyForDeploymentPostprocessing = 0;
		};
/* End PBXFrameworksBuildPhase section */

/* Begin PBXGroup section */
		1E8AFFA82D79036A00DD24EB = {
			isa = PBXGroup;
			children = (
				1E8AFFB32D79036A00DD24EB /* Questionnaire */,
				1E8AFFCA2D79036C00DD24EB /* QuestionnaireTests */,
				1E8AFFD42D79036C00DD24EB /* QuestionnaireUITests */,
				1E8AFFB22D79036A00DD24EB /* Products */,
			);
			sourceTree = "<group>";
		};
		1E8AFFB22D79036A00DD24EB /* Products */ = {
			isa = PBXGroup;
			children = (
				1E8AFFB12D79036A00DD24EB /* Questionnaire.app */,
				1E8AFFC72D79036C00DD24EB /* QuestionnaireTests.xctest */,
				1E8AFFD12D79036C00DD24EB /* QuestionnaireUITests.xctest */,
			);
			name = Products;
			sourceTree = "<group>";
		};
/* End PBXGroup section */

/* Begin PBXNativeTarget section */
		1E8AFFB02D79036A00DD24EB /* Questionnaire */ = {
			isa = PBXNativeTarget;
			buildConfigurationList = 1E8AFFDA2D79036C00DD24EB /* Build configuration list for PBXNativeTarget "Questionnaire" */;
			buildPhases = (
				1E8AFFAD2D79036A00DD24EB /* Sources */,
				1E8AFFAE2D79036A00DD24EB /* Frameworks */,
				1E8AFFAF2D79036A00DD24EB /* Resources */,
			);
			buildRules = (
			);
			dependencies = (
			);
			fileSystemSynchronizedGroups = (
				1E8AFFB32D79036A00DD24EB /* Questionnaire */,
			);
			name = Questionnaire;
			packageProductDependencies = (
			);
			productName = Questionnaire;
			productReference = 1E8AFFB12D79036A00DD24EB /* Questionnaire.app */;
			productType = "com.apple.product-type.application";
		};
		1E8AFFC62D79036C00DD24EB /* QuestionnaireTests */ = {
			isa = PBXNativeTarget;
			buildConfigurationList = 1E8AFFDF2D79036C00DD24EB /* Build configuration list for PBXNativeTarget "QuestionnaireTests" */;
			buildPhases = (
				1E8AFFC32D79036C00DD24EB /* Sources */,
				1E8AFFC42D79036C00DD24EB /* Frameworks */,
				1E8AFFC52D79036C00DD24EB /* Resources */,
			);
			buildRules = (
			);
			dependencies = (
				1E8AFFC92D79036C00DD24EB /* PBXTargetDependency */,
			);
			fileSystemSynchronizedGroups = (
				1E8AFFCA2D79036C00DD24EB /* QuestionnaireTests */,
			);
			name = QuestionnaireTests;
			packageProductDependencies = (
			);
			productName = QuestionnaireTests;
			productReference = 1E8AFFC72D79036C00DD24EB /* QuestionnaireTests.xctest */;
			productType = "com.apple.product-type.bundle.unit-test";
		};
		1E8AFFD02D79036C00DD24EB /* QuestionnaireUITests */ = {
			isa = PBXNativeTarget;
			buildConfigurationList = 1E8AFFE22D79036C00DD24EB /* Build configuration list for PBXNativeTarget "QuestionnaireUITests" */;
			buildPhases = (
				1E8AFFCD2D79036C00DD24EB /* Sources */,
				1E8AFFCE2D79036C00DD24EB /* Frameworks */,
				1E8AFFCF2D79036C00DD24EB /* Resources */,
			);
			buildRules = (
			);
			dependencies = (
				1E8AFFD32D79036C00DD24EB /* PBXTargetDependency */,
			);
			fileSystemSynchronizedGroups = (
				1E8AFFD42D79036C00DD24EB /* QuestionnaireUITests */,
			);
			name = QuestionnaireUITests;
			packageProductDependencies = (
			);
			productName = QuestionnaireUITests;
			productReference = 1E8AFFD12D79036C00DD24EB /* QuestionnaireUITests.xctest */;
			productType = "com.apple.product-type.bundle.ui-testing";
		};
/* End PBXNativeTarget section */

/* Begin PBXProject section */
		1E8AFFA92D79036A00DD24EB /* Project object */ = {
			isa = PBXProject;
			attributes = {
				BuildIndependentTargetsInParallel = 1;
				LastSwiftUpdateCheck = 1620;
				LastUpgradeCheck = 1620;
				TargetAttributes = {
					1E8AFFB02D79036A00DD24EB = {
						CreatedOnToolsVersion = 16.2;
					};
					1E8AFFC62D79036C00DD24EB = {
						CreatedOnToolsVersion = 16.2;
						TestTargetID = 1E8AFFB02D79036A00DD24EB;
					};
					1E8AFFD02D79036C00DD24EB = {
						CreatedOnToolsVersion = 16.2;
						TestTargetID = 1E8AFFB02D79036A00DD24EB;
					};
				};
			};
			buildConfigurationList = 1E8AFFAC2D79036A00DD24EB /* Build configuration list for PBXProject "Questionnaire" */;
			developmentRegion = en;
			hasScannedForEncodings = 0;
			knownRegions = (
				en,
				Base,
			);
			mainGroup = 1E8AFFA82D79036A00DD24EB;
			minimizedProjectReferenceProxies = 1;
			preferredProjectObjectVersion = 77;
			productRefGroup = 1E8AFFB22D79036A00DD24EB /* Products */;
			projectDirPath = "";
			projectRoot = "";
			targets = (
				1E8AFFB02D79036A00DD24EB /* Questionnaire */,
				1E8AFFC62D79036C00DD24EB /* QuestionnaireTests */,
				1E8AFFD02D79036C00DD24EB /* QuestionnaireUITests */,
			);
		};
/* End PBXProject section */

/* Begin PBXResourcesBuildPhase section */
		1E8AFFAF2D79036A00DD24EB /* Resources */ = {
			isa = PBXResourcesBuildPhase;
			buildActionMask = 2147483647;
			files = (
			);
			runOnlyForDeploymentPostprocessing = 0;
		};
		1E8AFFC52D79036C00DD24EB /* Resources */ = {
			isa = PBXResourcesBuildPhase;
			buildActionMask = 2147483647;
			files = (
			);
			runOnlyForDeploymentPostprocessing = 0;
		};
		1E8AFFCF2D79036C00DD24EB /* Resources */ = {
			isa = PBXResourcesBuildPhase;
			buildActionMask = 2147483647;
			files = (
			);
			runOnlyForDeploymentPostprocessing = 0;
		};
/* End PBXResourcesBuildPhase section */

/* Begin PBXSourcesBuildPhase section */
		1E8AFFAD2D79036A00DD24EB /* Sources */ = {
			isa = PBXSourcesBuildPhase;
			buildActionMask = 2147483647;
			files = (
			);
			runOnlyForDeploymentPostprocessing = 0;
		};
		1E8AFFC32D79036C00DD24EB /* Sources */ = {
			isa = PBXSourcesBuildPhase;
			buildActionMask = 2147483647;
			files = (
			);
			runOnlyForDeploymentPostprocessing = 0;
		};
		1E8AFFCD2D79036C00DD24EB /* Sources */ = {
			isa = PBXSourcesBuildPhase;
			buildActionMask = 2147483647;
			files = (
			);
			runOnlyForDeploymentPostprocessing = 0;
		};
/* End PBXSourcesBuildPhase section */

/* Begin PBXTargetDependency section */
		1E8AFFC92D79036C00DD24EB /* PBXTargetDependency */ = {
			isa = PBXTargetDependency;
			target = 1E8AFFB02D79036A00DD24EB /* Questionnaire */;
			targetProxy = 1E8AFFC82D79036C00DD24EB /* PBXContainerItemProxy */;
		};
		1E8AFFD32D79036C00DD24EB /* PBXTargetDependency */ = {
			isa = PBXTargetDependency;
			target = 1E8AFFB02D79036A00DD24EB /* Questionnaire */;
			targetProxy = 1E8AFFD22D79036C00DD24EB /* PBXContainerItemProxy */;
		};
/* End PBXTargetDependency section */

/* Begin XCBuildConfiguration section */
		1E8AFFDB2D79036C00DD24EB /* Debug */ = {
			isa = XCBuildConfiguration;
			buildSettings = {
				ASSETCATALOG_COMPILER_APPICON_NAME = AppIcon;
				ASSETCATALOG_COMPILER_GLOBAL_ACCENT_COLOR_NAME = AccentColor;
				CODE_SIGN_STYLE = Automatic;
				CURRENT_PROJECT_VERSION = 1;
				GENERATE_INFOPLIST_FILE = YES;
				INFOPLIST_FILE = Questionnaire/Info.plist;
				INFOPLIST_KEY_UIApplicationSupportsIndirectInputEvents = YES;
				INFOPLIST_KEY_UILaunchStoryboardName = LaunchScreen;
				INFOPLIST_KEY_UIMainStoryboardFile = Main;
				INFOPLIST_KEY_UISupportedInterfaceOrientations_iPad = "UIInterfaceOrientationPortrait UIInterfaceOrientationPortraitUpsideDown UIInterfaceOrientationLandscapeLeft UIInterfaceOrientationLandscapeRight";
				INFOPLIST_KEY_UISupportedInterfaceOrientations_iPhone = "UIInterfaceOrientationPortrait UIInterfaceOrientationLandscapeLeft UIInterfaceOrientationLandscapeRight";
				LD_RUNPATH_SEARCH_PATHS = (
					"$(inherited)",
					"@executable_path/Frameworks",
				);
				MARKETING_VERSION = 1.0;
				PRODUCT_BUNDLE_IDENTIFIER = dioksa.questionnaire.Questionnaire;
				PRODUCT_NAME = "$(TARGET_NAME)";
				SWIFT_EMIT_LOC_STRINGS = YES;
				SWIFT_VERSION = 5.0;
				TARGETED_DEVICE_FAMILY = "1,2";
			};
			name = Debug;
		};
		1E8AFFDC2D79036C00DD24EB /* Release */ = {
			isa = XCBuildConfiguration;
			buildSettings = {
				ASSETCATALOG_COMPILER_APPICON_NAME = AppIcon;
				ASSETCATALOG_COMPILER_GLOBAL_ACCENT_COLOR_NAME = AccentColor;
				CODE_SIGN_STYLE = Automatic;
				CURRENT_PROJECT_VERSION = 1;
				GENERATE_INFOPLIST_FILE = YES;
				INFOPLIST_FILE = Questionnaire/Info.plist;
				INFOPLIST_KEY_UIApplicationSupportsIndirectInputEvents = YES;
				INFOPLIST_KEY_UILaunchStoryboardName = LaunchScreen;
				INFOPLIST_KEY_UIMainStoryboardFile = Main;
				INFOPLIST_KEY_UISupportedInterfaceOrientations_iPad = "UIInterfaceOrientationPortrait UIInterfaceOrientationPortraitUpsideDown UIInterfaceOrientationLandscapeLeft UIInterfaceOrientationLandscapeRight";
				INFOPLIST_KEY_UISupportedInterfaceOrientations_iPhone = "UIInterfaceOrientationPortrait UIInterfaceOrientationLandscapeLeft UIInterfaceOrientationLandscapeRight";
				LD_RUNPATH_SEARCH_PATHS = (
					"$(inherited)",
					"@executable_path/Frameworks",
				);
				MARKETING_VERSION = 1.0;
				PRODUCT_BUNDLE_IDENTIFIER = dioksa.questionnaire.Questionnaire;
				PRODUCT_NAME = "$(TARGET_NAME)";
				SWIFT_EMIT_LOC_STRINGS = YES;
				SWIFT_VERSION = 5.0;
				TARGETED_DEVICE_FAMILY = "1,2";
			};
			name = Release;
		};
		1E8AFFDD2D79036C00DD24EB /* Debug */ = {
			isa = XCBuildConfiguration;
			buildSettings = {
				ALWAYS_SEARCH_USER_PATHS = NO;
				ASSETCATALOG_COMPILER_GENERATE_SWIFT_ASSET_SYMBOL_EXTENSIONS = YES;
				CLANG_ANALYZER_NONNULL = YES;
				CLANG_ANALYZER_NUMBER_OBJECT_CONVERSION = YES_AGGRESSIVE;
				CLANG_CXX_LANGUAGE_STANDARD = "gnu++20";
				CLANG_ENABLE_MODULES = YES;
				CLANG_ENABLE_OBJC_ARC = YES;
				CLANG_ENABLE_OBJC_WEAK = YES;
				CLANG_WARN_BLOCK_CAPTURE_AUTORELEASING = YES;
				CLANG_WARN_BOOL_CONVERSION = YES;
				CLANG_WARN_COMMA = YES;
				CLANG_WARN_CONSTANT_CONVERSION = YES;
				CLANG_WARN_DEPRECATED_OBJC_IMPLEMENTATIONS = YES;
				CLANG_WARN_DIRECT_OBJC_ISA_USAGE = YES_ERROR;
				CLANG_WARN_DOCUMENTATION_COMMENTS = YES;
				CLANG_WARN_EMPTY_BODY = YES;
				CLANG_WARN_ENUM_CONVERSION = YES;
				CLANG_WARN_INFINITE_RECURSION = YES;
				CLANG_WARN_INT_CONVERSION = YES;
				CLANG_WARN_NON_LITERAL_NULL_CONVERSION = YES;
				CLANG_WARN_OBJC_IMPLICIT_RETAIN_SELF = YES;
				CLANG_WARN_OBJC_LITERAL_CONVERSION = YES;
				CLANG_WARN_OBJC_ROOT_CLASS = YES_ERROR;
				CLANG_WARN_QUOTED_INCLUDE_IN_FRAMEWORK_HEADER = YES;
				CLANG_WARN_RANGE_LOOP_ANALYSIS = YES;
				CLANG_WARN_STRICT_PROTOTYPES = YES;
				CLANG_WARN_SUSPICIOUS_MOVE = YES;
				CLANG_WARN_UNGUARDED_AVAILABILITY = YES_AGGRESSIVE;
				CLANG_WARN_UNREACHABLE_CODE = YES;
				CLANG_WARN__DUPLICATE_METHOD_MATCH = YES;
				COPY_PHASE_STRIP = NO;
				DEBUG_INFORMATION_FORMAT = dwarf;
				ENABLE_STRICT_OBJC_MSGSEND = YES;
				ENABLE_TESTABILITY = YES;
				ENABLE_USER_SCRIPT_SANDBOXING = YES;
				GCC_C_LANGUAGE_STANDARD = gnu17;
				GCC_DYNAMIC_NO_PIC = NO;
				GCC_NO_COMMON_BLOCKS = YES;
				GCC_OPTIMIZATION_LEVEL = 0;
				GCC_PREPROCESSOR_DEFINITIONS = (
					"DEBUG=1",
					"$(inherited)",
				);
				GCC_WARN_64_TO_32_BIT_CONVERSION = YES;
				GCC_WARN_ABOUT_RETURN_TYPE = YES_ERROR;
				GCC_WARN_UNDECLARED_SELECTOR = YES;
				GCC_WARN_UNINITIALIZED_AUTOS = YES_AGGRESSIVE;
				GCC_WARN_UNUSED_FUNCTION = YES;
				GCC_WARN_UNUSED_VARIABLE = YES;
				IPHONEOS_DEPLOYMENT_TARGET = 18.2;
				LOCALIZATION_PREFERS_STRING_CATALOGS = YES;
				MTL_ENABLE_DEBUG_INFO = INCLUDE_SOURCE;
				MTL_FAST_MATH = YES;
				ONLY_ACTIVE_ARCH = YES;
				SDKROOT = iphoneos;
				SWIFT_ACTIVE_COMPILATION_CONDITIONS = "DEBUG $(inherited)";
				SWIFT_OPTIMIZATION_LEVEL = "-Onone";
			};
			name = Debug;
		};
		1E8AFFDE2D79036C00DD24EB /* Release */ = {
			isa = XCBuildConfiguration;
			buildSettings = {
				ALWAYS_SEARCH_USER_PATHS = NO;
				ASSETCATALOG_COMPILER_GENERATE_SWIFT_ASSET_SYMBOL_EXTENSIONS = YES;
				CLANG_ANALYZER_NONNULL = YES;
				CLANG_ANALYZER_NUMBER_OBJECT_CONVERSION = YES_AGGRESSIVE;
				CLANG_CXX_LANGUAGE_STANDARD = "gnu++20";
				CLANG_ENABLE_MODULES = YES;
				CLANG_ENABLE_OBJC_ARC = YES;
				CLANG_ENABLE_OBJC_WEAK = YES;
				CLANG_WARN_BLOCK_CAPTURE_AUTORELEASING = YES;
				CLANG_WARN_BOOL_CONVERSION = YES;
				CLANG_WARN_COMMA = YES;
				CLANG_WARN_CONSTANT_CONVERSION = YES;
				CLANG_WARN_DEPRECATED_OBJC_IMPLEMENTATIONS = YES;
				CLANG_WARN_DIRECT_OBJC_ISA_USAGE = YES_ERROR;
				CLANG_WARN_DOCUMENTATION_COMMENTS = YES;
				CLANG_WARN_EMPTY_BODY = YES;
				CLANG_WARN_ENUM_CONVERSION = YES;
				CLANG_WARN_INFINITE_RECURSION = YES;
				CLANG_WARN_INT_CONVERSION = YES;
				CLANG_WARN_NON_LITERAL_NULL_CONVERSION = YES;
				CLANG_WARN_OBJC_IMPLICIT_RETAIN_SELF = YES;
				CLANG_WARN_OBJC_LITERAL_CONVERSION = YES;
				CLANG_WARN_OBJC_ROOT_CLASS = YES_ERROR;
				CLANG_WARN_QUOTED_INCLUDE_IN_FRAMEWORK_HEADER = YES;
				CLANG_WARN_RANGE_LOOP_ANALYSIS = YES;
				CLANG_WARN_STRICT_PROTOTYPES = YES;
				CLANG_WARN_SUSPICIOUS_MOVE = YES;
				CLANG_WARN_UNGUARDED_AVAILABILITY = YES_AGGRESSIVE;
				CLANG_WARN_UNREACHABLE_CODE = YES;
				CLANG_WARN__DUPLICATE_METHOD_MATCH = YES;
				COPY_PHASE_STRIP = NO;
				DEBUG_INFORMATION_FORMAT = "dwarf-with-dsym";
				ENABLE_NS_ASSERTIONS = NO;
				ENABLE_STRICT_OBJC_MSGSEND = YES;
				ENABLE_USER_SCRIPT_SANDBOXING = YES;
				GCC_C_LANGUAGE_STANDARD = gnu17;
				GCC_NO_COMMON_BLOCKS = YES;
				GCC_WARN_64_TO_32_BIT_CONVERSION = YES;
				GCC_WARN_ABOUT_RETURN_TYPE = YES_ERROR;
				GCC_WARN_UNDECLARED_SELECTOR = YES;
				GCC_WARN_UNINITIALIZED_AUTOS = YES_AGGRESSIVE;
				GCC_WARN_UNUSED_FUNCTION = YES;
				GCC_WARN_UNUSED_VARIABLE = YES;
				IPHONEOS_DEPLOYMENT_TARGET = 18.2;
				LOCALIZATION_PREFERS_STRING_CATALOGS = YES;
				MTL_ENABLE_DEBUG_INFO = NO;
				MTL_FAST_MATH = YES;
				SDKROOT = iphoneos;
				SWIFT_COMPILATION_MODE = wholemodule;
				VALIDATE_PRODUCT = YES;
			};
			name = Release;
		};
		1E8AFFE02D79036C00DD24EB /* Debug */ = {
			isa = XCBuildConfiguration;
			buildSettings = {
				BUNDLE_LOADER = "$(TEST_HOST)";
				CODE_SIGN_STYLE = Automatic;
				CURRENT_PROJECT_VERSION = 1;
				GENERATE_INFOPLIST_FILE = YES;
				IPHONEOS_DEPLOYMENT_TARGET = 18.2;
				MARKETING_VERSION = 1.0;
				PRODUCT_BUNDLE_IDENTIFIER = dioksa.questionnaire.QuestionnaireTests;
				PRODUCT_NAME = "$(TARGET_NAME)";
				SWIFT_EMIT_LOC_STRINGS = NO;
				SWIFT_VERSION = 5.0;
				TARGETED_DEVICE_FAMILY = "1,2";
				TEST_HOST = "$(BUILT_PRODUCTS_DIR)/Questionnaire.app/$(BUNDLE_EXECUTABLE_FOLDER_PATH)/Questionnaire";
			};
			name = Debug;
		};
		1E8AFFE12D79036C00DD24EB /* Release */ = {
			isa = XCBuildConfiguration;
			buildSettings = {
				BUNDLE_LOADER = "$(TEST_HOST)";
				CODE_SIGN_STYLE = Automatic;
				CURRENT_PROJECT_VERSION = 1;
				GENERATE_INFOPLIST_FILE = YES;
				IPHONEOS_DEPLOYMENT_TARGET = 18.2;
				MARKETING_VERSION = 1.0;
				PRODUCT_BUNDLE_IDENTIFIER = dioksa.questionnaire.QuestionnaireTests;
				PRODUCT_NAME = "$(TARGET_NAME)";
				SWIFT_EMIT_LOC_STRINGS = NO;
				SWIFT_VERSION = 5.0;
				TARGETED_DEVICE_FAMILY = "1,2";
				TEST_HOST = "$(BUILT_PRODUCTS_DIR)/Questionnaire.app/$(BUNDLE_EXECUTABLE_FOLDER_PATH)/Questionnaire";
			};
			name = Release;
		};
		1E8AFFE32D79036C00DD24EB /* Debug */ = {
			isa = XCBuildConfiguration;
			buildSettings = {
				CODE_SIGN_STYLE = Automatic;
				CURRENT_PROJECT_VERSION = 1;
				GENERATE_INFOPLIST_FILE = YES;
				MARKETING_VERSION = 1.0;
				PRODUCT_BUNDLE_IDENTIFIER = dioksa.questionnaire.QuestionnaireUITests;
				PRODUCT_NAME = "$(TARGET_NAME)";
				SWIFT_EMIT_LOC_STRINGS = NO;
				SWIFT_VERSION = 5.0;
				TARGETED_DEVICE_FAMILY = "1,2";
				TEST_TARGET_NAME = Questionnaire;
			};
			name = Debug;
		};
		1E8AFFE42D79036C00DD24EB /* Release */ = {
			isa = XCBuildConfiguration;
			buildSettings = {
				CODE_SIGN_STYLE = Automatic;
				CURRENT_PROJECT_VERSION = 1;
				GENERATE_INFOPLIST_FILE = YES;
				MARKETING_VERSION = 1.0;
				PRODUCT_BUNDLE_IDENTIFIER = dioksa.questionnaire.QuestionnaireUITests;
				PRODUCT_NAME = "$(TARGET_NAME)";
				SWIFT_EMIT_LOC_STRINGS = NO;
				SWIFT_VERSION = 5.0;
				TARGETED_DEVICE_FAMILY = "1,2";
				TEST_TARGET_NAME = Questionnaire;
			};
			name = Release;
		};
/* End XCBuildConfiguration section */

/* Begin XCConfigurationList section */
		1E8AFFAC2D79036A00DD24EB /* Build configuration list for PBXProject "Questionnaire" */ = {
			isa = XCConfigurationList;
			buildConfigurations = (
				1E8AFFDD2D79036C00DD24EB /* Debug */,
				1E8AFFDE2D79036C00DD24EB /* Release */,
			);
			defaultConfigurationIsVisible = 0;
			defaultConfigurationName = Release;
		};
		1E8AFFDA2D79036C00DD24EB /* Build configuration list for PBXNativeTarget "Questionnaire" */ = {
			isa = XCConfigurationList;
			buildConfigurations = (
				1E8AFFDB2D79036C00DD24EB /* Debug */,
				1E8AFFDC2D79036C00DD24EB /* Release */,
			);
			defaultConfigurationIsVisible = 0;
			defaultConfigurationName = Release;
		};
		1E8AFFDF2D79036C00DD24EB /* Build configuration list for PBXNativeTarget "QuestionnaireTests" */ = {
			isa = XCConfigurationList;
			buildConfigurations = (
				1E8AFFE02D79036C00DD24EB /* Debug */,
				1E8AFFE12D79036C00DD24EB /* Release */,
			);
			defaultConfigurationIsVisible = 0;
			defaultConfigurationName = Release;
		};
		1E8AFFE22D79036C00DD24EB /* Build configuration list for PBXNativeTarget "QuestionnaireUITests" */ = {
			isa = XCConfigurationList;
			buildConfigurations = (
				1E8AFFE32D79036C00DD24EB /* Debug */,
				1E8AFFE42D79036C00DD24EB /* Release */,
			);
			defaultConfigurationIsVisible = 0;
			defaultConfigurationName = Release;
		};
/* End XCConfigurationList section */
	};
	rootObject = 1E8AFFA92D79036A00DD24EB /* Project object */;
}
